
Microsoft Visual Studio Solution File, Format Version 12.00
Project("{FAE04EC0-301F-11D3-BF4B-00C04F79EFBC}") = "program", "program\program.csproj", "{71937CC4-FEB4-4F8D-BF49-5A9BF7CBAFA0}"
EndProject
Project("{FAE04EC0-301F-11D3-BF4B-00C04F79EFBC}") = "core", "core\core.csproj", "{4053A948-EA5C-4597-AB43-60FBFBFFF6DC}"
EndProject
Project("{FAE04EC0-301F-11D3-BF4B-00C04F79EFBC}") = "account-resonite", "account-resonite\account-resonite.csproj", "{7D270FE3-3D6B-4BB6-A878-7990D45691D3}"
EndProject
Project("{FAE04EC0-301F-11D3-BF4B-00C04F79EFBC}") = "account-vrchat", "account-vrchat\account-vrchat.csproj", "{2EAC5F0C-0B8B-4DBE-96C4-2CD22C3E6274}"
EndProject
Project("{FAE04EC0-301F-11D3-BF4B-00C04F79EFBC}") = "ui-webview", "ui-webview\ui-webview.csproj", "{12B2210F-0651-46E9-A898-C9B5D486E7CC}"
EndProject
Project("{FAE04EC0-301F-11D3-BF4B-00C04F79EFBC}") = "development-scaffold", "development-scaffold\development-scaffold.csproj", "{628B322F-0B16-4CE4-B846-19E8E16DB91D}"
EndProject
Project("{FAE04EC0-301F-11D3-BF4B-00C04F79EFBC}") = "audit-urls", "audit-urls\audit-urls.csproj", "{F25CEC2E-58FA-457F-AFEA-7A59EFF330B8}"
EndProject
Project("{FAE04EC0-301F-11D3-BF4B-00C04F79EFBC}") = "core-tests", "core-tests\core-tests.csproj", "{2901301F-DD38-4F95-91C9-08E86A2A8D6B}"
EndProject
Project("{FAE04EC0-301F-11D3-BF4B-00C04F79EFBC}") = "account-chilloutvr", "account-chilloutvr\account-chilloutvr.csproj", "{D3F2537F-1FDD-48EB-B22F-2CC2E1D39F78}"
EndProject
Global
	GlobalSection(SolutionConfigurationPlatforms) = preSolution
		Debug|Any CPU = Debug|Any CPU
		Release|Any CPU = Release|Any CPU
	EndGlobalSection
	GlobalSection(ProjectConfigurationPlatforms) = postSolution
		{71937CC4-FEB4-4F8D-BF49-5A9BF7CBAFA0}.Debug|Any CPU.ActiveCfg = Debug|Any CPU
		{71937CC4-FEB4-4F8D-BF49-5A9BF7CBAFA0}.Debug|Any CPU.Build.0 = Debug|Any CPU
		{71937CC4-FEB4-4F8D-BF49-5A9BF7CBAFA0}.Release|Any CPU.ActiveCfg = Release|Any CPU
		{71937CC4-FEB4-4F8D-BF49-5A9BF7CBAFA0}.Release|Any CPU.Build.0 = Release|Any CPU
		{4053A948-EA5C-4597-AB43-60FBFBFFF6DC}.Debug|Any CPU.ActiveCfg = Debug|Any CPU
		{4053A948-EA5C-4597-AB43-60FBFBFFF6DC}.Debug|Any CPU.Build.0 = Debug|Any CPU
		{4053A948-EA5C-4597-AB43-60FBFBFFF6DC}.Release|Any CPU.ActiveCfg = Release|Any CPU
		{4053A948-EA5C-4597-AB43-60FBFBFFF6DC}.Release|Any CPU.Build.0 = Release|Any CPU
		{7D270FE3-3D6B-4BB6-A878-7990D45691D3}.Debug|Any CPU.ActiveCfg = Debug|Any CPU
		{7D270FE3-3D6B-4BB6-A878-7990D45691D3}.Debug|Any CPU.Build.0 = Debug|Any CPU
		{7D270FE3-3D6B-4BB6-A878-7990D45691D3}.Release|Any CPU.ActiveCfg = Release|Any CPU
		{7D270FE3-3D6B-4BB6-A878-7990D45691D3}.Release|Any CPU.Build.0 = Release|Any CPU
		{2EAC5F0C-0B8B-4DBE-96C4-2CD22C3E6274}.Debug|Any CPU.ActiveCfg = Debug|Any CPU
		{2EAC5F0C-0B8B-4DBE-96C4-2CD22C3E6274}.Debug|Any CPU.Build.0 = Debug|Any CPU
		{2EAC5F0C-0B8B-4DBE-96C4-2CD22C3E6274}.Release|Any CPU.ActiveCfg = Release|Any CPU
		{2EAC5F0C-0B8B-4DBE-96C4-2CD22C3E6274}.Release|Any CPU.Build.0 = Release|Any CPU
		{12B2210F-0651-46E9-A898-C9B5D486E7CC}.Debug|Any CPU.ActiveCfg = Debug|Any CPU
		{12B2210F-0651-46E9-A898-C9B5D486E7CC}.Debug|Any CPU.Build.0 = Debug|Any CPU
		{12B2210F-0651-46E9-A898-C9B5D486E7CC}.Release|Any CPU.ActiveCfg = Release|Any CPU
		{12B2210F-0651-46E9-A898-C9B5D486E7CC}.Release|Any CPU.Build.0 = Release|Any CPU
		{628B322F-0B16-4CE4-B846-19E8E16DB91D}.Debug|Any CPU.ActiveCfg = Debug|Any CPU
		{628B322F-0B16-4CE4-B846-19E8E16DB91D}.Debug|Any CPU.Build.0 = Debug|Any CPU
		{628B322F-0B16-4CE4-B846-19E8E16DB91D}.Release|Any CPU.ActiveCfg = Release|Any CPU
		{628B322F-0B16-4CE4-B846-19E8E16DB91D}.Release|Any CPU.Build.0 = Release|Any CPU
		{F25CEC2E-58FA-457F-AFEA-7A59EFF330B8}.Debug|Any CPU.ActiveCfg = Debug|Any CPU
		{F25CEC2E-58FA-457F-AFEA-7A59EFF330B8}.Debug|Any CPU.Build.0 = Debug|Any CPU
		{F25CEC2E-58FA-457F-AFEA-7A59EFF330B8}.Release|Any CPU.ActiveCfg = Release|Any CPU
		{F25CEC2E-58FA-457F-AFEA-7A59EFF330B8}.Release|Any CPU.Build.0 = Release|Any CPU
		{2901301F-DD38-4F95-91C9-08E86A2A8D6B}.Debug|Any CPU.ActiveCfg = Debug|Any CPU
		{2901301F-DD38-4F95-91C9-08E86A2A8D6B}.Debug|Any CPU.Build.0 = Debug|Any CPU
		{2901301F-DD38-4F95-91C9-08E86A2A8D6B}.Release|Any CPU.ActiveCfg = Release|Any CPU
		{2901301F-DD38-4F95-91C9-08E86A2A8D6B}.Release|Any CPU.Build.0 = Release|Any CPU
		{D3F2537F-1FDD-48EB-B22F-2CC2E1D39F78}.Debug|Any CPU.ActiveCfg = Debug|Any CPU
		{D3F2537F-1FDD-48EB-B22F-2CC2E1D39F78}.Debug|Any CPU.Build.0 = Debug|Any CPU
		{D3F2537F-1FDD-48EB-B22F-2CC2E1D39F78}.Release|Any CPU.ActiveCfg = Release|Any CPU
		{D3F2537F-1FDD-48EB-B22F-2CC2E1D39F78}.Release|Any CPU.Build.0 = Release|Any CPU
	EndGlobalSection
EndGlobal
